
Microsoft Visual Studio Solution File, Format Version 12.00
# Visual Studio Version 17
VisualStudioVersion = 17.5.33516.290
MinimumVisualStudioVersion = 10.0.40219.1
Project("{FAE04EC0-301F-11D3-BF4B-00C04F79EFBC}") = "ChallengeApp2", "ChallengeApp2\ChallengeApp2.csproj", "{D04ACBF6-02AF-4723-A782-696691DF3946}"
EndProject
Global
	GlobalSection(SolutionConfigurationPlatforms) = preSolution
		Debug|Any CPU = Debug|Any CPU
		Release|Any CPU = Release|Any CPU
	EndGlobalSection
	GlobalSection(ProjectConfigurationPlatforms) = postSolution
		{D04ACBF6-02AF-4723-A782-696691DF3946}.Debug|Any CPU.ActiveCfg = Debug|Any CPU
		{D04ACBF6-02AF-4723-A782-696691DF3946}.Debug|Any CPU.Build.0 = Debug|Any CPU
		{D04ACBF6-02AF-4723-A782-696691DF3946}.Release|Any CPU.ActiveCfg = Release|Any CPU
		{D04ACBF6-02AF-4723-A782-696691DF3946}.Release|Any CPU.Build.0 = Release|Any CPU
	EndGlobalSection
	GlobalSection(SolutionProperties) = preSolution
		HideSolutionNode = FALSE
	EndGlobalSection
	GlobalSection(ExtensibilityGlobals) = postSolution
		SolutionGuid = {D027A444-DFDD-4BF1-B91B-8D16EFD0EBEE}
	EndGlobalSection
EndGlobal
